
Microsoft Visual Studio Solution File, Format Version 12.00
# Visual Studio Version 17
VisualStudioVersion = 17.0.31919.166
MinimumVisualStudioVersion = 10.0.40219.1
Project("{FAE04EC0-301F-11D3-BF4B-00C04F79EFBC}") = "Main", "Main\Main.csproj", "{E3F787CA-74CC-498F-9F18-FFAC565C1F8D}"
EndProject
Global
	GlobalSection(SolutionConfigurationPlatforms) = preSolution
		Debug|Any CPU = Debug|Any CPU
		Release|Any CPU = Release|Any CPU
	EndGlobalSection
	GlobalSection(ProjectConfigurationPlatforms) = postSolution
		{E3F787CA-74CC-498F-9F18-FFAC565C1F8D}.Debug|Any CPU.ActiveCfg = Debug|Any CPU
		{E3F787CA-74CC-498F-9F18-FFAC565C1F8D}.Debug|Any CPU.Build.0 = Debug|Any CPU
		{E3F787CA-74CC-498F-9F18-FFAC565C1F8D}.Release|Any CPU.ActiveCfg = Release|Any CPU
		{E3F787CA-74CC-498F-9F18-FFAC565C1F8D}.Release|Any CPU.Build.0 = Release|Any CPU
	EndGlobalSection
	GlobalSection(SolutionProperties) = preSolution
		HideSolutionNode = FALSE
	EndGlobalSection
	GlobalSection(ExtensibilityGlobals) = postSolution
		SolutionGuid = {9267C1ED-821F-4F79-944C-5ED5394AE0B9}
	EndGlobalSection
EndGlobal
